
Microsoft Visual Studio Solution File, Format Version 12.00
# Visual Studio Version 16
VisualStudioVersion = 16.0.30114.105
MinimumVisualStudioVersion = 10.0.40219.1
Project("{FAE04EC0-301F-11D3-BF4B-00C04F79EFBC}") = "Finbourne.Luminesce.Sdk.Extensions", "Finbourne.Luminesce.Sdk.Extensions\Finbourne.Luminesce.Sdk.Extensions.csproj", "{949A984E-5824-411B-9C15-27B61A1AC62B}"
EndProject
Project("{FAE04EC0-301F-11D3-BF4B-00C04F79EFBC}") = "Finbourne.Luminesce.Sdk.Extensions.Tests", "Finbourne.Luminesce.Sdk.Extensions.Tests\Finbourne.Luminesce.Sdk.Extensions.Tests.csproj", "{E658E4D6-C66E-4F29-BAF5-794266C2175F}"
EndProject
Project("{FAE04EC0-301F-11D3-BF4B-00C04F79EFBC}") = "Finbourne.Luminesce.Sdk.Extensions.Tutorials", "Finbourne.Luminesce.Sdk.Extensions.Tutorials\Finbourne.Luminesce.Sdk.Extensions.Tutorials.csproj", "{CE39351F-6BC2-4D6B-B888-9E1DC3E8A7FD}"
EndProject
Global
	GlobalSection(SolutionConfigurationPlatforms) = preSolution
		Debug|Any CPU = Debug|Any CPU
		Release|Any CPU = Release|Any CPU
	EndGlobalSection
	GlobalSection(SolutionProperties) = preSolution
		HideSolutionNode = FALSE
	EndGlobalSection
	GlobalSection(ProjectConfigurationPlatforms) = postSolution
		{949A984E-5824-411B-9C15-27B61A1AC62B}.Debug|Any CPU.ActiveCfg = Debug|Any CPU
		{949A984E-5824-411B-9C15-27B61A1AC62B}.Debug|Any CPU.Build.0 = Debug|Any CPU
		{949A984E-5824-411B-9C15-27B61A1AC62B}.Release|Any CPU.ActiveCfg = Release|Any CPU
		{949A984E-5824-411B-9C15-27B61A1AC62B}.Release|Any CPU.Build.0 = Release|Any CPU
		{E658E4D6-C66E-4F29-BAF5-794266C2175F}.Debug|Any CPU.ActiveCfg = Debug|Any CPU
		{E658E4D6-C66E-4F29-BAF5-794266C2175F}.Debug|Any CPU.Build.0 = Debug|Any CPU
		{E658E4D6-C66E-4F29-BAF5-794266C2175F}.Release|Any CPU.ActiveCfg = Release|Any CPU
		{E658E4D6-C66E-4F29-BAF5-794266C2175F}.Release|Any CPU.Build.0 = Release|Any CPU
		{CE39351F-6BC2-4D6B-B888-9E1DC3E8A7FD}.Debug|Any CPU.ActiveCfg = Debug|Any CPU
		{CE39351F-6BC2-4D6B-B888-9E1DC3E8A7FD}.Debug|Any CPU.Build.0 = Debug|Any CPU
		{CE39351F-6BC2-4D6B-B888-9E1DC3E8A7FD}.Release|Any CPU.ActiveCfg = Release|Any CPU
		{CE39351F-6BC2-4D6B-B888-9E1DC3E8A7FD}.Release|Any CPU.Build.0 = Release|Any CPU
	EndGlobalSection
EndGlobal
